
Microsoft Visual Studio Solution File, Format Version 12.00
# Visual Studio Version 17
VisualStudioVersion = 17.9.34622.214
MinimumVisualStudioVersion = 10.0.40219.1
Project("{FAE04EC0-301F-11D3-BF4B-00C04F79EFBC}") = "AetherFlow.FakeXrmEasy.Plugins.Tests", "AetherFlow.FakeXrmEasy.Plugins.Tests\AetherFlow.FakeXrmEasy.Plugins.Tests.csproj", "{4DBE3742-8974-40F2-B8D6-DF5E4152A520}"
EndProject
Project("{FAE04EC0-301F-11D3-BF4B-00C04F79EFBC}") = "AetherFlow.FakeXrmEasy.Plugins", "AetherFlow.FakeXrmEasy.Plugins\AetherFlow.FakeXrmEasy.Plugins.csproj", "{855903E6-7AAB-4C76-8AC2-192AA70D5227}"
EndProject
Global
	GlobalSection(SolutionConfigurationPlatforms) = preSolution
		Debug|Any CPU = Debug|Any CPU
		Release|Any CPU = Release|Any CPU
	EndGlobalSection
	GlobalSection(ProjectConfigurationPlatforms) = postSolution
		{4DBE3742-8974-40F2-B8D6-DF5E4152A520}.Debug|Any CPU.ActiveCfg = Debug|Any CPU
		{4DBE3742-8974-40F2-B8D6-DF5E4152A520}.Debug|Any CPU.Build.0 = Debug|Any CPU
		{4DBE3742-8974-40F2-B8D6-DF5E4152A520}.Release|Any CPU.ActiveCfg = Release|Any CPU
		{4DBE3742-8974-40F2-B8D6-DF5E4152A520}.Release|Any CPU.Build.0 = Release|Any CPU
		{855903E6-7AAB-4C76-8AC2-192AA70D5227}.Debug|Any CPU.ActiveCfg = Debug|Any CPU
		{855903E6-7AAB-4C76-8AC2-192AA70D5227}.Debug|Any CPU.Build.0 = Debug|Any CPU
		{855903E6-7AAB-4C76-8AC2-192AA70D5227}.Release|Any CPU.ActiveCfg = Release|Any CPU
		{855903E6-7AAB-4C76-8AC2-192AA70D5227}.Release|Any CPU.Build.0 = Release|Any CPU
	EndGlobalSection
	GlobalSection(SolutionProperties) = preSolution
		HideSolutionNode = FALSE
	EndGlobalSection
	GlobalSection(ExtensibilityGlobals) = postSolution
		SolutionGuid = {72DDEB06-FE0D-47A0-B3BE-07DEAA42974D}
	EndGlobalSection
EndGlobal
